<?xml version="1.0" encoding="utf-8"?>
<Project ToolsVersion="4.0" xmlns="http://schemas.microsoft.com/developer/msbuild/2003">
  <ItemGroup>
    <Filter Include="Source Files">
      <UniqueIdentifier>{02c78c24-a8d3-49f4-8743-d4701af2d39f}</UniqueIdentifier>
      <Extensions>cpp;c;cxx;def;odl;idl;hpj;bat;asm</Extensions>
    </Filter>
    <Filter Include="Header Files">
      <UniqueIdentifier>{40ac00bf-5384-4b1b-9400-4d0238b7040c}</UniqueIdentifier>
      <Extensions>h;hpp;hxx;hm;inl;inc</Extensions>
    </Filter>
    <Filter Include="Resource Files">
      <UniqueIdentifier>{fdbb859f-8162-4671-9674-071d020bd306}</UniqueIdentifier>
      <Extensions>rc;ico;cur;bmp;dlg;rc2;rct;bin;rgs;jpg;jpeg;jpe;manifest</Extensions>
    </Filter>
    <Filter Include="Fortuna">
      <UniqueIdentifier>{d19387db-036f-4d5f-9077-7f800b3c2dd9}</UniqueIdentifier>
    </Filter>
    <Filter Include="MCl">
      <UniqueIdentifier>{75baa684-249d-40cb-a12d-40167f530b69}</UniqueIdentifier>
    </Filter>
    <Filter Include="Gladman">
      <UniqueIdentifier>{343bb476-8995-4ba1-9193-c3a91d19dc91}</UniqueIdentifier>
    </Filter>
    <Filter Include="zlib">
      <UniqueIdentifier>{8cacff64-ba08-4b45-8284-515bd633289c}</UniqueIdentifier>
    </Filter>
  </ItemGroup>
  <ItemGroup>
    <ClCompile Include="CitadelPasswordGen.cpp">
      <Filter>Source Files</Filter>
    </ClCompile>
    <ClCompile Include="CitadelPasswordGenDlg.cpp">
      <Filter>Source Files</Filter>
    </ClCompile>
    <ClCompile Include="FortunaMonitorDlg.cpp">
      <Filter>Source Files</Filter>
    </ClCompile>
    <ClCompile Include="stdafx.cpp">
      <Filter>Source Files</Filter>
    </ClCompile>
    <ClCompile Include="Fortuna\CTRNonceCounter.cpp">
      <Filter>Fortuna</Filter>
    </ClCompile>
    <ClCompile Include="Fortuna\Counter128.cpp">
      <Filter>Fortuna</Filter>
    </ClCompile>
    <ClCompile Include="Fortuna\CryptoRand.cpp">
      <Filter>Fortuna</Filter>
    </ClCompile>
    <ClCompile Include="Fortuna\DelayedWriteFile.cpp">
      <Filter>Fortuna</Filter>
    </ClCompile>
    <ClCompile Include="Fortuna\FastList.cpp">
      <Filter>Fortuna</Filter>
    </ClCompile>
    <ClCompile Include="Fortuna\Fortuna.cpp">
      <Filter>Fortuna</Filter>
    </ClCompile>
    <ClCompile Include="Fortuna\FortunaUtils.cpp">
      <Filter>Fortuna</Filter>
    </ClCompile>
    <ClCompile Include="Fortuna\Generator.cpp">
      <Filter>Fortuna</Filter>
    </ClCompile>
    <ClCompile Include="Fortuna\MachineSig.cpp">
      <Filter>Fortuna</Filter>
    </ClCompile>
    <ClCompile Include="Fortuna\Pool.cpp">
      <Filter>Fortuna</Filter>
    </ClCompile>
    <ClCompile Include="Fortuna\PoolMgr.cpp">
      <Filter>Fortuna</Filter>
    </ClCompile>
    <ClCompile Include="Fortuna\ProcessData.cpp">
      <Filter>Fortuna</Filter>
    </ClCompile>
    <ClCompile Include="Fortuna\ProcessInfo.cpp">
      <Filter>Fortuna</Filter>
    </ClCompile>
    <ClCompile Include="Fortuna\SeedFile.cpp">
      <Filter>Fortuna</Filter>
    </ClCompile>
    <ClCompile Include="Fortuna\Source.cpp">
      <Filter>Fortuna</Filter>
    </ClCompile>
    <ClCompile Include="Fortuna\SourceClsid.cpp">
      <Filter>Fortuna</Filter>
    </ClCompile>
    <ClCompile Include="Fortuna\SourceCryptoRand.cpp">
      <Filter>Fortuna</Filter>
    </ClCompile>
    <ClCompile Include="Fortuna\SourceMgr.cpp">
      <Filter>Fortuna</Filter>
    </ClCompile>
    <ClCompile Include="Fortuna\SourcePing.cpp">
      <Filter>Fortuna</Filter>
    </ClCompile>
    <ClCompile Include="Fortuna\SourceProcess.cpp">
      <Filter>Fortuna</Filter>
    </ClCompile>
    <ClCompile Include="Fortuna\SourceRegistryWalker.cpp">
      <Filter>Fortuna</Filter>
    </ClCompile>
    <ClCompile Include="Fortuna\SourceTest.cpp">
      <Filter>Fortuna</Filter>
    </ClCompile>
    <ClCompile Include="Fortuna\Timer.cpp">
      <Filter>Fortuna</Filter>
    </ClCompile>
    <ClCompile Include="MCl\CMclAutoLock.cpp">
      <Filter>MCl</Filter>
    </ClCompile>
    <ClCompile Include="MCl\CMclAutoPtr.cpp">
      <Filter>MCl</Filter>
    </ClCompile>
    <ClCompile Include="MCl\CMclCritSec.cpp">
      <Filter>MCl</Filter>
    </ClCompile>
    <ClCompile Include="MCl\CMclEvent.cpp">
      <Filter>MCl</Filter>
    </ClCompile>
    <ClCompile Include="MCl\CMclGlobal.cpp">
      <Filter>MCl</Filter>
    </ClCompile>
    <ClCompile Include="MCl\CMclKernel.cpp">
      <Filter>MCl</Filter>
    </ClCompile>
    <ClCompile Include="MCl\CMclMailbox.cpp">
      <Filter>MCl</Filter>
    </ClCompile>
    <ClCompile Include="MCl\CMclMonitor.cpp">
      <Filter>MCl</Filter>
    </ClCompile>
    <ClCompile Include="MCl\CMclMutex.cpp">
      <Filter>MCl</Filter>
    </ClCompile>
    <ClCompile Include="MCl\CMclSemaphore.cpp">
      <Filter>MCl</Filter>
    </ClCompile>
    <ClCompile Include="MCl\CMclSharedMemory.cpp">
      <Filter>MCl</Filter>
    </ClCompile>
    <ClCompile Include="MCl\CMclThread.cpp">
      <Filter>MCl</Filter>
    </ClCompile>
    <ClCompile Include="MCl\CMclWaitableCollection.cpp">
      <Filter>MCl</Filter>
    </ClCompile>
    <ClCompile Include="Gladman\aescrypt.c">
      <Filter>Gladman</Filter>
    </ClCompile>
    <ClCompile Include="Gladman\aeskey.c">
      <Filter>Gladman</Filter>
    </ClCompile>
    <ClCompile Include="Gladman\aestab.c">
      <Filter>Gladman</Filter>
    </ClCompile>
    <ClCompile Include="Gladman\sha1.c">
      <Filter>Gladman</Filter>
    </ClCompile>
    <ClCompile Include="Gladman\sha2.c">
      <Filter>Gladman</Filter>
    </ClCompile>
  </ItemGroup>
  <ItemGroup>
    <ClInclude Include="FortunaMonitorDlg.h">
      <Filter>Source Files</Filter>
    </ClInclude>
    <ClInclude Include="CitadelPasswordGen.h">
      <Filter>Header Files</Filter>
    </ClInclude>
    <ClInclude Include="CitadelPasswordGenDlg.h">
      <Filter>Header Files</Filter>
    </ClInclude>
    <ClInclude Include="Resource.h">
      <Filter>Header Files</Filter>
    </ClInclude>
    <ClInclude Include="stdafx.h">
      <Filter>Header Files</Filter>
    </ClInclude>
    <ClInclude Include="Fortuna\CTRNonceCounter.h">
      <Filter>Fortuna</Filter>
    </ClInclude>
    <ClInclude Include="Fortuna\Counter128.h">
      <Filter>Fortuna</Filter>
    </ClInclude>
    <ClInclude Include="Fortuna\CryptoRand.h">
      <Filter>Fortuna</Filter>
    </ClInclude>
    <ClInclude Include="Fortuna\DelayedWriteFile.h">
      <Filter>Fortuna</Filter>
    </ClInclude>
    <ClInclude Include="Fortuna\FastList.h">
      <Filter>Fortuna</Filter>
    </ClInclude>
    <ClInclude Include="Fortuna\Fortuna.h">
      <Filter>Fortuna</Filter>
    </ClInclude>
    <ClInclude Include="Fortuna\FortunaTypes.h">
      <Filter>Fortuna</Filter>
    </ClInclude>
    <ClInclude Include="Fortuna\FortunaUtils.h">
      <Filter>Fortuna</Filter>
    </ClInclude>
    <ClInclude Include="Fortuna\Generator.h">
      <Filter>Fortuna</Filter>
    </ClInclude>
    <ClInclude Include="Fortuna\MachineSig.h">
      <Filter>Fortuna</Filter>
    </ClInclude>
    <ClInclude Include="Fortuna\NCColln.h">
      <Filter>Fortuna</Filter>
    </ClInclude>
    <ClInclude Include="Fortuna\Pool.h">
      <Filter>Fortuna</Filter>
    </ClInclude>
    <ClInclude Include="Fortuna\PoolMgr.h">
      <Filter>Fortuna</Filter>
    </ClInclude>
    <ClInclude Include="Fortuna\ProcessData.h">
      <Filter>Fortuna</Filter>
    </ClInclude>
    <ClInclude Include="Fortuna\ProcessInfo.h">
      <Filter>Fortuna</Filter>
    </ClInclude>
    <ClInclude Include="Fortuna\SeedFile.h">
      <Filter>Fortuna</Filter>
    </ClInclude>
    <ClInclude Include="Fortuna\Source.h">
      <Filter>Fortuna</Filter>
    </ClInclude>
    <ClInclude Include="Fortuna\SourceClsid.h">
      <Filter>Fortuna</Filter>
    </ClInclude>
    <ClInclude Include="Fortuna\SourceCryptoRand.h">
      <Filter>Fortuna</Filter>
    </ClInclude>
    <ClInclude Include="Fortuna\SourceMgr.h">
      <Filter>Fortuna</Filter>
    </ClInclude>
    <ClInclude Include="Fortuna\SourcePing.h">
      <Filter>Fortuna</Filter>
    </ClInclude>
    <ClInclude Include="Fortuna\SourceProcess.h">
      <Filter>Fortuna</Filter>
    </ClInclude>
    <ClInclude Include="Fortuna\SourceRegistryWalker.h">
      <Filter>Fortuna</Filter>
    </ClInclude>
    <ClInclude Include="Fortuna\SourceTest.h">
      <Filter>Fortuna</Filter>
    </ClInclude>
    <ClInclude Include="Fortuna\Timer.h">
      <Filter>Fortuna</Filter>
    </ClInclude>
    <ClInclude Include="MCl\CMcl.h">
      <Filter>MCl</Filter>
    </ClInclude>
    <ClInclude Include="MCl\CMclAutoLock.h">
      <Filter>MCl</Filter>
    </ClInclude>
    <ClInclude Include="MCl\CMclAutoPtr.h">
      <Filter>MCl</Filter>
    </ClInclude>
    <ClInclude Include="MCl\CMclCritSec.h">
      <Filter>MCl</Filter>
    </ClInclude>
    <ClInclude Include="MCl\CMclEvent.h">
      <Filter>MCl</Filter>
    </ClInclude>
    <ClInclude Include="MCl\CMclGlobal.h">
      <Filter>MCl</Filter>
    </ClInclude>
    <ClInclude Include="MCl\CMclKernel.h">
      <Filter>MCl</Filter>
    </ClInclude>
    <ClInclude Include="MCl\CMclLinkedLists.h">
      <Filter>MCl</Filter>
    </ClInclude>
    <ClInclude Include="MCl\CMclMailbox.h">
      <Filter>MCl</Filter>
    </ClInclude>
    <ClInclude Include="MCl\CMclMonitor.h">
      <Filter>MCl</Filter>
    </ClInclude>
    <ClInclude Include="MCl\CMclMutex.h">
      <Filter>MCl</Filter>
    </ClInclude>
    <ClInclude Include="MCl\CMclSemaphore.h">
      <Filter>MCl</Filter>
    </ClInclude>
    <ClInclude Include="MCl\CMclSharedMemory.h">
      <Filter>MCl</Filter>
    </ClInclude>
    <ClInclude Include="MCl\CMclThread.h">
      <Filter>MCl</Filter>
    </ClInclude>
    <ClInclude Include="MCl\CMclWaitableCollection.h">
      <Filter>MCl</Filter>
    </ClInclude>
    <ClInclude Include="MCl\CMclWaitableObject.h">
      <Filter>MCl</Filter>
    </ClInclude>
    <ClInclude Include="Gladman\aes.h">
      <Filter>Gladman</Filter>
    </ClInclude>
    <ClInclude Include="Gladman\aescpp.h">
      <Filter>Gladman</Filter>
    </ClInclude>
    <ClInclude Include="Gladman\aesopt.h">
      <Filter>Gladman</Filter>
    </ClInclude>
    <ClInclude Include="Gladman\sha1.h">
      <Filter>Gladman</Filter>
    </ClInclude>
    <ClInclude Include="Gladman\sha2.h">
      <Filter>Gladman</Filter>
    </ClInclude>
    <ClInclude Include="..\..\Citadel_Projects\ThirdPartyLib\zlibdll\include\zconf.h">
      <Filter>zlib</Filter>
    </ClInclude>
    <ClInclude Include="..\..\Citadel_Projects\ThirdPartyLib\zlibdll\include\zlib.h">
      <Filter>zlib</Filter>
    </ClInclude>
  </ItemGroup>
  <ItemGroup>
    <Image Include="res\CitadelPasswordGen.ico">
      <Filter>Resource Files</Filter>
    </Image>
  </ItemGroup>
  <ItemGroup>
    <Manifest Include="res\CitadelPasswordGen.manifest">
      <Filter>Resource Files</Filter>
    </Manifest>
  </ItemGroup>
  <ItemGroup>
    <ResourceCompile Include="CitadelPasswordGen.rc">
      <Filter>Resource Files</Filter>
    </ResourceCompile>
  </ItemGroup>
  <ItemGroup>
    <None Include="res\CitadelPasswordGen.rc2">
      <Filter>Resource Files</Filter>
    </None>
    <None Include="FortunaMonitor.htm" />
    <None Include="TestDialog.htm" />
    <None Include="itadelPasswordDlg.htm" />
  </ItemGroup>
  <ItemGroup>
    <Text Include="ReadMe.txt" />
  </ItemGroup>
</Project>